
Microsoft Visual Studio Solution File, Format Version 12.00
# Visual Studio Version 16
VisualStudioVersion = 16.0.30907.101
MinimumVisualStudioVersion = 10.0.40219.1
Project("{FAE04EC0-301F-11D3-BF4B-00C04F79EFBC}") = "OpenEmrAutomation", "OpenEmrAutomation\OpenEmrAutomation.csproj", "{BDB578BA-32A5-41EB-AF64-E80ACCB92CCD}"
EndProject
Global
	GlobalSection(SolutionConfigurationPlatforms) = preSolution
		Debug|Any CPU = Debug|Any CPU
		Release|Any CPU = Release|Any CPU
	EndGlobalSection
	GlobalSection(ProjectConfigurationPlatforms) = postSolution
		{BDB578BA-32A5-41EB-AF64-E80ACCB92CCD}.Debug|Any CPU.ActiveCfg = Debug|Any CPU
		{BDB578BA-32A5-41EB-AF64-E80ACCB92CCD}.Debug|Any CPU.Build.0 = Debug|Any CPU
		{BDB578BA-32A5-41EB-AF64-E80ACCB92CCD}.Release|Any CPU.ActiveCfg = Release|Any CPU
		{BDB578BA-32A5-41EB-AF64-E80ACCB92CCD}.Release|Any CPU.Build.0 = Release|Any CPU
	EndGlobalSection
	GlobalSection(SolutionProperties) = preSolution
		HideSolutionNode = FALSE
	EndGlobalSection
	GlobalSection(ExtensibilityGlobals) = postSolution
		SolutionGuid = {6B979D4D-74E4-4E61-826D-77346D9CF2F4}
	EndGlobalSection
EndGlobal
